
Microsoft Visual Studio Solution File, Format Version 12.00
# Visual Studio Version 17
VisualStudioVersion = 17.12.35527.113
MinimumVisualStudioVersion = 10.0.40219.1
Project("{2150E333-8FDC-42A3-9474-1A3956D46DE8}") = "src", "src", "{626E4615-9172-4AC0-8796-41C60EE5BF0C}"
EndProject
Project("{2150E333-8FDC-42A3-9474-1A3956D46DE8}") = "tests", "tests", "{6A7E5972-BFD5-4A0F-8191-2101D6E20749}"
EndProject
Project("{FAE04EC0-301F-11D3-BF4B-00C04F79EFBC}") = "TDD.BusinessLogic.Tests", "tests\TDD.BusinessLogic.Tests\TDD.BusinessLogic.Tests.csproj", "{D29F2141-7472-4CF2-8E0B-852B333FD3FB}"
EndProject
Project("{FAE04EC0-301F-11D3-BF4B-00C04F79EFBC}") = "TDD.Infrastructure", "src\TDD.Infrastrcture\TDD.Infrastructure.csproj", "{7A63D346-70C4-4A49-9A96-9A3C31D11B27}"
EndProject
Project("{FAE04EC0-301F-11D3-BF4B-00C04F79EFBC}") = "TDD.Shared", "src\TDD.Shared\TDD.Shared.csproj", "{960D3872-CE21-4BB5-B2C4-EBB35DA8F388}"
EndProject
Project("{FAE04EC0-301F-11D3-BF4B-00C04F79EFBC}") = "TDD.Shared.Tests", "tests\TDD.Shared.Tests\TDD.Shared.Tests.csproj", "{5FD2358F-CFE1-4C48-9435-2B93C71EFF62}"
EndProject
Project("{FAE04EC0-301F-11D3-BF4B-00C04F79EFBC}") = "TDD.Web", "src\TDD.Web\TDD.Web.csproj", "{0B4F62A2-A6BC-4EE2-A646-37C1A3F24099}"
EndProject
Project("{FAE04EC0-301F-11D3-BF4B-00C04F79EFBC}") = "TDD.BusinessLogic", "src\TDD.BusinessLogic\TDD.BusinessLogic.csproj", "{39B17077-6D9C-48DB-BC73-C106033ABB4F}"
EndProject
Project("{FAE04EC0-301F-11D3-BF4B-00C04F79EFBC}") = "TDD.Web.Tests", "tests\TDD.Web.Tests\TDD.Web.Tests.csproj", "{B93B6303-06DE-4E09-B386-C13E04CD7BA1}"
EndProject
Global
	GlobalSection(SolutionConfigurationPlatforms) = preSolution
		Debug|Any CPU = Debug|Any CPU
		Release|Any CPU = Release|Any CPU
	EndGlobalSection
	GlobalSection(ProjectConfigurationPlatforms) = postSolution
		{D29F2141-7472-4CF2-8E0B-852B333FD3FB}.Debug|Any CPU.ActiveCfg = Debug|Any CPU
		{D29F2141-7472-4CF2-8E0B-852B333FD3FB}.Debug|Any CPU.Build.0 = Debug|Any CPU
		{D29F2141-7472-4CF2-8E0B-852B333FD3FB}.Release|Any CPU.ActiveCfg = Release|Any CPU
		{D29F2141-7472-4CF2-8E0B-852B333FD3FB}.Release|Any CPU.Build.0 = Release|Any CPU
		{7A63D346-70C4-4A49-9A96-9A3C31D11B27}.Debug|Any CPU.ActiveCfg = Debug|Any CPU
		{7A63D346-70C4-4A49-9A96-9A3C31D11B27}.Debug|Any CPU.Build.0 = Debug|Any CPU
		{7A63D346-70C4-4A49-9A96-9A3C31D11B27}.Release|Any CPU.ActiveCfg = Release|Any CPU
		{7A63D346-70C4-4A49-9A96-9A3C31D11B27}.Release|Any CPU.Build.0 = Release|Any CPU
		{960D3872-CE21-4BB5-B2C4-EBB35DA8F388}.Debug|Any CPU.ActiveCfg = Debug|Any CPU
		{960D3872-CE21-4BB5-B2C4-EBB35DA8F388}.Debug|Any CPU.Build.0 = Debug|Any CPU
		{960D3872-CE21-4BB5-B2C4-EBB35DA8F388}.Release|Any CPU.ActiveCfg = Release|Any CPU
		{960D3872-CE21-4BB5-B2C4-EBB35DA8F388}.Release|Any CPU.Build.0 = Release|Any CPU
		{5FD2358F-CFE1-4C48-9435-2B93C71EFF62}.Debug|Any CPU.ActiveCfg = Debug|Any CPU
		{5FD2358F-CFE1-4C48-9435-2B93C71EFF62}.Debug|Any CPU.Build.0 = Debug|Any CPU
		{5FD2358F-CFE1-4C48-9435-2B93C71EFF62}.Release|Any CPU.ActiveCfg = Release|Any CPU
		{5FD2358F-CFE1-4C48-9435-2B93C71EFF62}.Release|Any CPU.Build.0 = Release|Any CPU
		{0B4F62A2-A6BC-4EE2-A646-37C1A3F24099}.Debug|Any CPU.ActiveCfg = Debug|Any CPU
		{0B4F62A2-A6BC-4EE2-A646-37C1A3F24099}.Debug|Any CPU.Build.0 = Debug|Any CPU
		{0B4F62A2-A6BC-4EE2-A646-37C1A3F24099}.Release|Any CPU.ActiveCfg = Release|Any CPU
		{0B4F62A2-A6BC-4EE2-A646-37C1A3F24099}.Release|Any CPU.Build.0 = Release|Any CPU
		{39B17077-6D9C-48DB-BC73-C106033ABB4F}.Debug|Any CPU.ActiveCfg = Debug|Any CPU
		{39B17077-6D9C-48DB-BC73-C106033ABB4F}.Debug|Any CPU.Build.0 = Debug|Any CPU
		{39B17077-6D9C-48DB-BC73-C106033ABB4F}.Release|Any CPU.ActiveCfg = Release|Any CPU
		{39B17077-6D9C-48DB-BC73-C106033ABB4F}.Release|Any CPU.Build.0 = Release|Any CPU
		{B93B6303-06DE-4E09-B386-C13E04CD7BA1}.Debug|Any CPU.ActiveCfg = Debug|Any CPU
		{B93B6303-06DE-4E09-B386-C13E04CD7BA1}.Debug|Any CPU.Build.0 = Debug|Any CPU
		{B93B6303-06DE-4E09-B386-C13E04CD7BA1}.Release|Any CPU.ActiveCfg = Release|Any CPU
		{B93B6303-06DE-4E09-B386-C13E04CD7BA1}.Release|Any CPU.Build.0 = Release|Any CPU
	EndGlobalSection
	GlobalSection(SolutionProperties) = preSolution
		HideSolutionNode = FALSE
	EndGlobalSection
	GlobalSection(NestedProjects) = preSolution
		{D29F2141-7472-4CF2-8E0B-852B333FD3FB} = {6A7E5972-BFD5-4A0F-8191-2101D6E20749}
		{7A63D346-70C4-4A49-9A96-9A3C31D11B27} = {626E4615-9172-4AC0-8796-41C60EE5BF0C}
		{960D3872-CE21-4BB5-B2C4-EBB35DA8F388} = {626E4615-9172-4AC0-8796-41C60EE5BF0C}
		{5FD2358F-CFE1-4C48-9435-2B93C71EFF62} = {6A7E5972-BFD5-4A0F-8191-2101D6E20749}
		{0B4F62A2-A6BC-4EE2-A646-37C1A3F24099} = {626E4615-9172-4AC0-8796-41C60EE5BF0C}
		{39B17077-6D9C-48DB-BC73-C106033ABB4F} = {626E4615-9172-4AC0-8796-41C60EE5BF0C}
		{B93B6303-06DE-4E09-B386-C13E04CD7BA1} = {6A7E5972-BFD5-4A0F-8191-2101D6E20749}
	EndGlobalSection
EndGlobal
